
Microsoft Visual Studio Solution File, Format Version 12.00
# Visual Studio 14
VisualStudioVersion = 14.0.25420.1
MinimumVisualStudioVersion = 10.0.40219.1
Project("{FAE04EC0-301F-11D3-BF4B-00C04F79EFBC}") = "4 3 project Switch Trial", "4 3 project Switch Trial\4 3 project Switch Trial.csproj", "{49E9B632-14FD-40EE-9DA9-B4DBF115B506}"
EndProject
Global
	GlobalSection(SolutionConfigurationPlatforms) = preSolution
		Debug|Any CPU = Debug|Any CPU
		Release|Any CPU = Release|Any CPU
	EndGlobalSection
	GlobalSection(ProjectConfigurationPlatforms) = postSolution
		{49E9B632-14FD-40EE-9DA9-B4DBF115B506}.Debug|Any CPU.ActiveCfg = Debug|Any CPU
		{49E9B632-14FD-40EE-9DA9-B4DBF115B506}.Debug|Any CPU.Build.0 = Debug|Any CPU
		{49E9B632-14FD-40EE-9DA9-B4DBF115B506}.Release|Any CPU.ActiveCfg = Release|Any CPU
		{49E9B632-14FD-40EE-9DA9-B4DBF115B506}.Release|Any CPU.Build.0 = Release|Any CPU
	EndGlobalSection
	GlobalSection(SolutionProperties) = preSolution
		HideSolutionNode = FALSE
	EndGlobalSection
EndGlobal
